
Microsoft Visual Studio Solution File, Format Version 12.00
# Visual Studio Version 17
VisualStudioVersion = 17.4.33205.214
MinimumVisualStudioVersion = 10.0.40219.1
Project("{9A19103F-16F7-4668-BE54-9A1E7A4F7556}") = "CutGLibSample", "CutGLibSample\CutGLibSample.csproj", "{3AD89987-EB46-4902-9CEA-8C7D82140B88}"
EndProject
Project("{FAE04EC0-301F-11D3-BF4B-00C04F79EFBC}") = "CuttingOptimization", "CuttingOptimization\CuttingOptimization.csproj", "{7E8BA9D0-647A-4EDD-98FD-B63783BB9EA2}"
EndProject
Global
	GlobalSection(SolutionConfigurationPlatforms) = preSolution
		Debug|Any CPU = Debug|Any CPU
		Release|Any CPU = Release|Any CPU
	EndGlobalSection
	GlobalSection(ProjectConfigurationPlatforms) = postSolution
		{3AD89987-EB46-4902-9CEA-8C7D82140B88}.Debug|Any CPU.ActiveCfg = Debug|Any CPU
		{3AD89987-EB46-4902-9CEA-8C7D82140B88}.Debug|Any CPU.Build.0 = Debug|Any CPU
		{3AD89987-EB46-4902-9CEA-8C7D82140B88}.Release|Any CPU.ActiveCfg = Release|Any CPU
		{3AD89987-EB46-4902-9CEA-8C7D82140B88}.Release|Any CPU.Build.0 = Release|Any CPU
		{7E8BA9D0-647A-4EDD-98FD-B63783BB9EA2}.Debug|Any CPU.ActiveCfg = Debug|Any CPU
		{7E8BA9D0-647A-4EDD-98FD-B63783BB9EA2}.Debug|Any CPU.Build.0 = Debug|Any CPU
		{7E8BA9D0-647A-4EDD-98FD-B63783BB9EA2}.Release|Any CPU.ActiveCfg = Release|Any CPU
		{7E8BA9D0-647A-4EDD-98FD-B63783BB9EA2}.Release|Any CPU.Build.0 = Release|Any CPU
	EndGlobalSection
	GlobalSection(SolutionProperties) = preSolution
		HideSolutionNode = FALSE
	EndGlobalSection
	GlobalSection(ExtensibilityGlobals) = postSolution
		SolutionGuid = {B0B7A4C0-CA49-4018-A1C2-C28ED891FA2A}
	EndGlobalSection
EndGlobal
